{
  "name": "app",
  "lockfileVersion": 2,
  "requires": true,
  "packages": {
    "": {
      "dependencies": {
        "uview-ui": "^2.0.17"
      }
    },
    "node_modules/uview-ui": {
      "version": "2.0.17",
      "resolved": "https://registry.npmmirror.com/uview-ui/download/uview-ui-2.0.17.tgz",
      "integrity": "sha512-2EuLNwkMO25Aj9m5yntrMDolduHG+sk7BrfYiNXjZw75JEdBC4EX+YQGqBhx11bsVyp/eN2EFLR5cLGy7TLcDg==",
      "engines": {
        "HBuilderX": "^3.1.0"
      }
    }
  },
  "dependencies": {
    "uview-ui": {
      "version": "2.0.17",
      "resolved": "https://registry.npmmirror.com/uview-ui/download/uview-ui-2.0.17.tgz",
      "integrity": "sha512-2EuLNwkMO25Aj9m5yntrMDolduHG+sk7BrfYiNXjZw75JEdBC4EX+YQGqBhx11bsVyp/eN2EFLR5cLGy7TLcDg=="
    }
  }
}
